
Microsoft Visual Studio Solution File, Format Version 12.00
# Visual Studio 2012
Project("{2150E333-8FDC-42A3-9474-1A3956D46DE8}") = ".nuget", ".nuget", "{3364CF90-6D57-444A-8231-E0C0F3D07235}"
	ProjectSection(SolutionItems) = preProject
		.nuget\NuGet.Config = .nuget\NuGet.Config
		.nuget\NuGet.exe = .nuget\NuGet.exe
		.nuget\NuGet.targets = .nuget\NuGet.targets
	EndProjectSection
EndProject
Project("{2150E333-8FDC-42A3-9474-1A3956D46DE8}") = "Infrastructure", "Infrastructure", "{9EBBB232-17B8-46D9-B862-6109996F1D05}"
EndProject
Project("{FAE04EC0-301F-11D3-BF4B-00C04F79EFBC}") = "EasyERP.Infrastructure.Core", "EasyERP.Infrastructure.Core\EasyERP.Infrastructure.Core.csproj", "{E47E8AE8-171C-4E73-A671-FCB8A6B4EC68}"
EndProject
Project("{2150E333-8FDC-42A3-9474-1A3956D46DE8}") = "Domain", "Domain", "{C75FD7AC-261F-4D0C-9719-A5370F8A2FAA}"
EndProject
Project("{FAE04EC0-301F-11D3-BF4B-00C04F79EFBC}") = "EasyERP.Domain.Model", "EasyERP.Domain.Model\EasyERP.Domain.Model.csproj", "{713DB378-E2DC-48CF-93F5-533467265B5A}"
EndProject
Project("{FAE04EC0-301F-11D3-BF4B-00C04F79EFBC}") = "EasyERP.Domain.Service", "EasyERP.Domain.Service\EasyERP.Domain.Service.csproj", "{061D311B-518F-4098-9D07-80E75BAEF242}"
EndProject
Project("{2150E333-8FDC-42A3-9474-1A3956D46DE8}") = "Presentation", "Presentation", "{59A7B534-78BC-4C6C-BB36-C443E487E9E4}"
EndProject
Project("{FAE04EC0-301F-11D3-BF4B-00C04F79EFBC}") = "EasyERP.Desktop", "EasyERP.Desktop\EasyERP.Desktop.csproj", "{5D84F219-D309-46F0-B57F-0502FAE84C57}"
EndProject
Project("{2150E333-8FDC-42A3-9474-1A3956D46DE8}") = "WebApi", "WebApi", "{F89BC724-F542-4E50-A3B4-12F05B03B939}"
EndProject
Project("{FAE04EC0-301F-11D3-BF4B-00C04F79EFBC}") = "EasyERP.Domain.Persistence", "EasyERP.Domain.Persistence\EasyERP.Domain.Persistence.csproj", "{6212F81E-7648-4BC3-98ED-D6AE8FF9D704}"
EndProject
Global
	GlobalSection(SolutionConfigurationPlatforms) = preSolution
		Debug|Any CPU = Debug|Any CPU
		Release|Any CPU = Release|Any CPU
	EndGlobalSection
	GlobalSection(ProjectConfigurationPlatforms) = postSolution
		{E47E8AE8-171C-4E73-A671-FCB8A6B4EC68}.Debug|Any CPU.ActiveCfg = Debug|Any CPU
		{E47E8AE8-171C-4E73-A671-FCB8A6B4EC68}.Debug|Any CPU.Build.0 = Debug|Any CPU
		{E47E8AE8-171C-4E73-A671-FCB8A6B4EC68}.Release|Any CPU.ActiveCfg = Release|Any CPU
		{E47E8AE8-171C-4E73-A671-FCB8A6B4EC68}.Release|Any CPU.Build.0 = Release|Any CPU
		{713DB378-E2DC-48CF-93F5-533467265B5A}.Debug|Any CPU.ActiveCfg = Debug|Any CPU
		{713DB378-E2DC-48CF-93F5-533467265B5A}.Debug|Any CPU.Build.0 = Debug|Any CPU
		{713DB378-E2DC-48CF-93F5-533467265B5A}.Release|Any CPU.ActiveCfg = Release|Any CPU
		{713DB378-E2DC-48CF-93F5-533467265B5A}.Release|Any CPU.Build.0 = Release|Any CPU
		{061D311B-518F-4098-9D07-80E75BAEF242}.Debug|Any CPU.ActiveCfg = Debug|Any CPU
		{061D311B-518F-4098-9D07-80E75BAEF242}.Debug|Any CPU.Build.0 = Debug|Any CPU
		{061D311B-518F-4098-9D07-80E75BAEF242}.Release|Any CPU.ActiveCfg = Release|Any CPU
		{061D311B-518F-4098-9D07-80E75BAEF242}.Release|Any CPU.Build.0 = Release|Any CPU
		{5D84F219-D309-46F0-B57F-0502FAE84C57}.Debug|Any CPU.ActiveCfg = Debug|Any CPU
		{5D84F219-D309-46F0-B57F-0502FAE84C57}.Debug|Any CPU.Build.0 = Debug|Any CPU
		{5D84F219-D309-46F0-B57F-0502FAE84C57}.Release|Any CPU.ActiveCfg = Release|Any CPU
		{5D84F219-D309-46F0-B57F-0502FAE84C57}.Release|Any CPU.Build.0 = Release|Any CPU
		{6212F81E-7648-4BC3-98ED-D6AE8FF9D704}.Debug|Any CPU.ActiveCfg = Debug|Any CPU
		{6212F81E-7648-4BC3-98ED-D6AE8FF9D704}.Debug|Any CPU.Build.0 = Debug|Any CPU
		{6212F81E-7648-4BC3-98ED-D6AE8FF9D704}.Release|Any CPU.ActiveCfg = Release|Any CPU
		{6212F81E-7648-4BC3-98ED-D6AE8FF9D704}.Release|Any CPU.Build.0 = Release|Any CPU
	EndGlobalSection
	GlobalSection(SolutionProperties) = preSolution
		HideSolutionNode = FALSE
	EndGlobalSection
	GlobalSection(NestedProjects) = preSolution
		{E47E8AE8-171C-4E73-A671-FCB8A6B4EC68} = {9EBBB232-17B8-46D9-B862-6109996F1D05}
		{713DB378-E2DC-48CF-93F5-533467265B5A} = {C75FD7AC-261F-4D0C-9719-A5370F8A2FAA}
		{061D311B-518F-4098-9D07-80E75BAEF242} = {C75FD7AC-261F-4D0C-9719-A5370F8A2FAA}
		{6212F81E-7648-4BC3-98ED-D6AE8FF9D704} = {C75FD7AC-261F-4D0C-9719-A5370F8A2FAA}
		{5D84F219-D309-46F0-B57F-0502FAE84C57} = {59A7B534-78BC-4C6C-BB36-C443E487E9E4}
	EndGlobalSection
EndGlobal
