
Microsoft Visual Studio Solution File, Format Version 12.00
# Visual Studio 2012
Project("{FAE04EC0-301F-11D3-BF4B-00C04F79EFBC}") = "EasyErpTool", "EasyErpTool\EasyErpTool.csproj", "{113505CB-66C5-4F30-8E77-75D152D2EBB1}"
EndProject
Global
	GlobalSection(SolutionConfigurationPlatforms) = preSolution
		Debug|Any CPU = Debug|Any CPU
		Release|Any CPU = Release|Any CPU
	EndGlobalSection
	GlobalSection(ProjectConfigurationPlatforms) = postSolution
		{113505CB-66C5-4F30-8E77-75D152D2EBB1}.Debug|Any CPU.ActiveCfg = Debug|Any CPU
		{113505CB-66C5-4F30-8E77-75D152D2EBB1}.Debug|Any CPU.Build.0 = Debug|Any CPU
		{113505CB-66C5-4F30-8E77-75D152D2EBB1}.Release|Any CPU.ActiveCfg = Release|Any CPU
		{113505CB-66C5-4F30-8E77-75D152D2EBB1}.Release|Any CPU.Build.0 = Release|Any CPU
	EndGlobalSection
	GlobalSection(SolutionProperties) = preSolution
		HideSolutionNode = FALSE
	EndGlobalSection
EndGlobal
