
Microsoft Visual Studio Solution File, Format Version 12.00
# Visual Studio 2012
Project("{2150E333-8FDC-42A3-9474-1A3956D46DE8}") = "UnitTest", "UnitTest", "{7F2717F3-659C-4B13-9B30-7C249C5C2B05}"
EndProject
Project("{2150E333-8FDC-42A3-9474-1A3956D46DE8}") = "Infrastructure", "Infrastructure", "{DE2544E3-3B00-4AFC-A53F-E0145261F4EB}"
EndProject
Project("{2150E333-8FDC-42A3-9474-1A3956D46DE8}") = "Presentation", "Presentation", "{EF2005F7-07CC-43EC-AC53-B519A7485C70}"
EndProject
Project("{FAE04EC0-301F-11D3-BF4B-00C04F79EFBC}") = "Infrastructure.Domain", "Infrastructure.Domain\Infrastructure.Domain.csproj", "{35B3A042-0187-4530-A9F5-2063E2EEBDAD}"
EndProject
Project("{2150E333-8FDC-42A3-9474-1A3956D46DE8}") = "Domain", "Domain", "{B2A24814-17C1-4B36-A5BE-899FC9A78168}"
EndProject
Project("{FAE04EC0-301F-11D3-BF4B-00C04F79EFBC}") = "Domain.Model", "Domain.Model\Domain.Model.csproj", "{9A1DEFAC-0977-4B5C-896B-F079B2D26382}"
EndProject
Project("{FAE04EC0-301F-11D3-BF4B-00C04F79EFBC}") = "Doamin.Service", "Doamin.Service\Doamin.Service.csproj", "{E272F806-C9CC-4C73-9EEE-89AF5800532C}"
EndProject
Project("{FAE04EC0-301F-11D3-BF4B-00C04F79EFBC}") = "Domain.Model.Test", "UnitTest\Domain.Model.Test\Domain.Model.Test.csproj", "{F18F9BBF-348A-4113-9575-4B28BCEF5C2C}"
EndProject
Project("{FAE04EC0-301F-11D3-BF4B-00C04F79EFBC}") = "Domain.Service.Test", "UnitTest\Domain.Service.Test\Domain.Service.Test.csproj", "{BFBE0D1F-5B89-41B8-A585-E088B6EAA008}"
EndProject
Project("{FAE04EC0-301F-11D3-BF4B-00C04F79EFBC}") = "Domain.EntityFramework", "Domain.EntityFramework\Domain.EntityFramework.csproj", "{6D159381-DFCC-4374-A7DC-2F29AE976493}"
EndProject
Project("{FAE04EC0-301F-11D3-BF4B-00C04F79EFBC}") = "EasyERP_Desktop", "EasyERP_Desktop\EasyERP_Desktop.csproj", "{322BBCAE-EFE9-4D02-9918-6D1AF6ACA4B3}"
EndProject
Global
	GlobalSection(SolutionConfigurationPlatforms) = preSolution
		Debug|Any CPU = Debug|Any CPU
		Release|Any CPU = Release|Any CPU
	EndGlobalSection
	GlobalSection(ProjectConfigurationPlatforms) = postSolution
		{35B3A042-0187-4530-A9F5-2063E2EEBDAD}.Debug|Any CPU.ActiveCfg = Debug|Any CPU
		{35B3A042-0187-4530-A9F5-2063E2EEBDAD}.Debug|Any CPU.Build.0 = Debug|Any CPU
		{35B3A042-0187-4530-A9F5-2063E2EEBDAD}.Release|Any CPU.ActiveCfg = Release|Any CPU
		{35B3A042-0187-4530-A9F5-2063E2EEBDAD}.Release|Any CPU.Build.0 = Release|Any CPU
		{9A1DEFAC-0977-4B5C-896B-F079B2D26382}.Debug|Any CPU.ActiveCfg = Debug|Any CPU
		{9A1DEFAC-0977-4B5C-896B-F079B2D26382}.Debug|Any CPU.Build.0 = Debug|Any CPU
		{9A1DEFAC-0977-4B5C-896B-F079B2D26382}.Release|Any CPU.ActiveCfg = Release|Any CPU
		{9A1DEFAC-0977-4B5C-896B-F079B2D26382}.Release|Any CPU.Build.0 = Release|Any CPU
		{E272F806-C9CC-4C73-9EEE-89AF5800532C}.Debug|Any CPU.ActiveCfg = Debug|Any CPU
		{E272F806-C9CC-4C73-9EEE-89AF5800532C}.Debug|Any CPU.Build.0 = Debug|Any CPU
		{E272F806-C9CC-4C73-9EEE-89AF5800532C}.Release|Any CPU.ActiveCfg = Release|Any CPU
		{E272F806-C9CC-4C73-9EEE-89AF5800532C}.Release|Any CPU.Build.0 = Release|Any CPU
		{F18F9BBF-348A-4113-9575-4B28BCEF5C2C}.Debug|Any CPU.ActiveCfg = Debug|Any CPU
		{F18F9BBF-348A-4113-9575-4B28BCEF5C2C}.Debug|Any CPU.Build.0 = Debug|Any CPU
		{F18F9BBF-348A-4113-9575-4B28BCEF5C2C}.Release|Any CPU.ActiveCfg = Release|Any CPU
		{F18F9BBF-348A-4113-9575-4B28BCEF5C2C}.Release|Any CPU.Build.0 = Release|Any CPU
		{BFBE0D1F-5B89-41B8-A585-E088B6EAA008}.Debug|Any CPU.ActiveCfg = Debug|Any CPU
		{BFBE0D1F-5B89-41B8-A585-E088B6EAA008}.Debug|Any CPU.Build.0 = Debug|Any CPU
		{BFBE0D1F-5B89-41B8-A585-E088B6EAA008}.Release|Any CPU.ActiveCfg = Release|Any CPU
		{BFBE0D1F-5B89-41B8-A585-E088B6EAA008}.Release|Any CPU.Build.0 = Release|Any CPU
		{6D159381-DFCC-4374-A7DC-2F29AE976493}.Debug|Any CPU.ActiveCfg = Debug|Any CPU
		{6D159381-DFCC-4374-A7DC-2F29AE976493}.Debug|Any CPU.Build.0 = Debug|Any CPU
		{6D159381-DFCC-4374-A7DC-2F29AE976493}.Release|Any CPU.ActiveCfg = Release|Any CPU
		{6D159381-DFCC-4374-A7DC-2F29AE976493}.Release|Any CPU.Build.0 = Release|Any CPU
		{322BBCAE-EFE9-4D02-9918-6D1AF6ACA4B3}.Debug|Any CPU.ActiveCfg = Debug|Any CPU
		{322BBCAE-EFE9-4D02-9918-6D1AF6ACA4B3}.Debug|Any CPU.Build.0 = Debug|Any CPU
		{322BBCAE-EFE9-4D02-9918-6D1AF6ACA4B3}.Release|Any CPU.ActiveCfg = Release|Any CPU
		{322BBCAE-EFE9-4D02-9918-6D1AF6ACA4B3}.Release|Any CPU.Build.0 = Release|Any CPU
	EndGlobalSection
	GlobalSection(SolutionProperties) = preSolution
		HideSolutionNode = FALSE
	EndGlobalSection
	GlobalSection(NestedProjects) = preSolution
		{F18F9BBF-348A-4113-9575-4B28BCEF5C2C} = {7F2717F3-659C-4B13-9B30-7C249C5C2B05}
		{BFBE0D1F-5B89-41B8-A585-E088B6EAA008} = {7F2717F3-659C-4B13-9B30-7C249C5C2B05}
		{9A1DEFAC-0977-4B5C-896B-F079B2D26382} = {B2A24814-17C1-4B36-A5BE-899FC9A78168}
		{E272F806-C9CC-4C73-9EEE-89AF5800532C} = {B2A24814-17C1-4B36-A5BE-899FC9A78168}
		{6D159381-DFCC-4374-A7DC-2F29AE976493} = {B2A24814-17C1-4B36-A5BE-899FC9A78168}
		{35B3A042-0187-4530-A9F5-2063E2EEBDAD} = {DE2544E3-3B00-4AFC-A53F-E0145261F4EB}
		{322BBCAE-EFE9-4D02-9918-6D1AF6ACA4B3} = {EF2005F7-07CC-43EC-AC53-B519A7485C70}
	EndGlobalSection
EndGlobal
